
Microsoft Visual Studio Solution File, Format Version 12.00
# Visual Studio Version 16
VisualStudioVersion = 16.0.30907.101
MinimumVisualStudioVersion = 10.0.40219.1
Project("{FAE04EC0-301F-11D3-BF4B-00C04F79EFBC}") = "Lab_Bonus_13_Game_Character", "Lab_Bonus_13_Game_Character\Lab_Bonus_13_Game_Character.csproj", "{7F64D437-2C02-4BBA-AECD-267108809313}"
EndProject
Global
	GlobalSection(SolutionConfigurationPlatforms) = preSolution
		Debug|Any CPU = Debug|Any CPU
		Release|Any CPU = Release|Any CPU
	EndGlobalSection
	GlobalSection(ProjectConfigurationPlatforms) = postSolution
		{7F64D437-2C02-4BBA-AECD-267108809313}.Debug|Any CPU.ActiveCfg = Debug|Any CPU
		{7F64D437-2C02-4BBA-AECD-267108809313}.Debug|Any CPU.Build.0 = Debug|Any CPU
		{7F64D437-2C02-4BBA-AECD-267108809313}.Release|Any CPU.ActiveCfg = Release|Any CPU
		{7F64D437-2C02-4BBA-AECD-267108809313}.Release|Any CPU.Build.0 = Release|Any CPU
	EndGlobalSection
	GlobalSection(SolutionProperties) = preSolution
		HideSolutionNode = FALSE
	EndGlobalSection
	GlobalSection(ExtensibilityGlobals) = postSolution
		SolutionGuid = {74F71770-35AD-4B8F-87A5-B97ECC58B87A}
	EndGlobalSection
EndGlobal
